// !$*UTF8*$!
{
	archiveVersion = 1;
	classes = {
	};
	objectVersion = 50;
	objects = {

/* Begin PBXBuildFile section */
		657A834124D306C500AAC704 /* AppDelegate.swift in Sources */ = {isa = PBXBuildFile; fileRef = 657A834024D306C500AAC704 /* AppDelegate.swift */; };
		657A834324D306C500AAC704 /* SceneDelegate.swift in Sources */ = {isa = PBXBuildFile; fileRef = 657A834224D306C500AAC704 /* SceneDelegate.swift */; };
		657A834824D306C500AAC704 /* Main.storyboard in Resources */ = {isa = PBXBuildFile; fileRef = 657A834624D306C500AAC704 /* Main.storyboard */; };
		657A834A24D306C900AAC704 /* Assets.xcassets in Resources */ = {isa = PBXBuildFile; fileRef = 657A834924D306C900AAC704 /* Assets.xcassets */; };
		657A834D24D306C900AAC704 /* LaunchScreen.storyboard in Resources */ = {isa = PBXBuildFile; fileRef = 657A834B24D306C900AAC704 /* LaunchScreen.storyboard */; };
		657A835524D307F000AAC704 /* RestaurantTableViewController.swift in Sources */ = {isa = PBXBuildFile; fileRef = 657A835424D307F000AAC704 /* RestaurantTableViewController.swift */; };
		657A835724D44D7C00AAC704 /* RestaurantTableViewCell.swift in Sources */ = {isa = PBXBuildFile; fileRef = 657A835624D44D7C00AAC704 /* RestaurantTableViewCell.swift */; };
		65E210F224D5394B00B73B17 /* RestaurantModel.swift in Sources */ = {isa = PBXBuildFile; fileRef = 65E210F124D5394B00B73B17 /* RestaurantModel.swift */; };
		65E210F924D6861800B73B17 /* RastaurantDetailViewController.swift in Sources */ = {isa = PBXBuildFile; fileRef = 65E210F824D6861800B73B17 /* RastaurantDetailViewController.swift */; };
/* End PBXBuildFile section */

/* Begin PBXFileReference section */
		657A833D24D306C500AAC704 /* FoodPin.app */ = {isa = PBXFileReference; explicitFileType = wrapper.application; includeInIndex = 0; path = FoodPin.app; sourceTree = BUILT_PRODUCTS_DIR; };
		657A834024D306C500AAC704 /* AppDelegate.swift */ = {isa = PBXFileReference; lastKnownFileType = sourcecode.swift; path = AppDelegate.swift; sourceTree = "<group>"; };
		657A834224D306C500AAC704 /* SceneDelegate.swift */ = {isa = PBXFileReference; lastKnownFileType = sourcecode.swift; path = SceneDelegate.swift; sourceTree = "<group>"; };
		657A834724D306C500AAC704 /* Base */ = {isa = PBXFileReference; lastKnownFileType = file.storyboard; name = Base; path = Base.lproj/Main.storyboard; sourceTree = "<group>"; };
		657A834924D306C900AAC704 /* Assets.xcassets */ = {isa = PBXFileReference; lastKnownFileType = folder.assetcatalog; path = Assets.xcassets; sourceTree = "<group>"; };
		657A834C24D306C900AAC704 /* Base */ = {isa = PBXFileReference; lastKnownFileType = file.storyboard; name = Base; path = Base.lproj/LaunchScreen.storyboard; sourceTree = "<group>"; };
		657A834E24D306C900AAC704 /* Info.plist */ = {isa = PBXFileReference; lastKnownFileType = text.plist.xml; path = Info.plist; sourceTree = "<group>"; };
		657A835424D307F000AAC704 /* RestaurantTableViewController.swift */ = {isa = PBXFileReference; lastKnownFileType = sourcecode.swift; path = RestaurantTableViewController.swift; sourceTree = "<group>"; };
		657A835624D44D7C00AAC704 /* RestaurantTableViewCell.swift */ = {isa = PBXFileReference; lastKnownFileType = sourcecode.swift; path = RestaurantTableViewCell.swift; sourceTree = "<group>"; };
		65E210F124D5394B00B73B17 /* RestaurantModel.swift */ = {isa = PBXFileReference; lastKnownFileType = sourcecode.swift; path = RestaurantModel.swift; sourceTree = "<group>"; };
		65E210F824D6861800B73B17 /* RastaurantDetailViewController.swift */ = {isa = PBXFileReference; lastKnownFileType = sourcecode.swift; path = RastaurantDetailViewController.swift; sourceTree = "<group>"; };
		65EEBB6A24D69672001419A7 /* README.md */ = {isa = PBXFileReference; lastKnownFileType = net.daringfireball.markdown; path = README.md; sourceTree = "<group>"; };
/* End PBXFileReference section */

/* Begin PBXFrameworksBuildPhase section */
		657A833A24D306C500AAC704 /* Frameworks */ = {
			isa = PBXFrameworksBuildPhase;
			buildActionMask = 2147483647;
			files = (
			);
			runOnlyForDeploymentPostprocessing = 0;
		};
/* End PBXFrameworksBuildPhase section */

/* Begin PBXGroup section */
		657A833424D306C500AAC704 = {
			isa = PBXGroup;
			children = (
				65EEBB6A24D69672001419A7 /* README.md */,
				65EEBB6B24D696A2001419A7 /* Demo */,
				657A833F24D306C500AAC704 /* FoodPin */,
				657A833E24D306C500AAC704 /* Products */,
			);
			sourceTree = "<group>";
		};
		657A833E24D306C500AAC704 /* Products */ = {
			isa = PBXGroup;
			children = (
				657A833D24D306C500AAC704 /* FoodPin.app */,
			);
			name = Products;
			sourceTree = "<group>";
		};
		657A833F24D306C500AAC704 /* FoodPin */ = {
			isa = PBXGroup;
			children = (
				65EEBB6E24D6A64D001419A7 /* Storyboard */,
				65E210F324D6858C00B73B17 /* Model */,
				65E210F424D6859900B73B17 /* Controller */,
				65E210F524D685A500B73B17 /* View */,
				657A834024D306C500AAC704 /* AppDelegate.swift */,
				657A834224D306C500AAC704 /* SceneDelegate.swift */,
				657A834924D306C900AAC704 /* Assets.xcassets */,
				657A834E24D306C900AAC704 /* Info.plist */,
			);
			path = FoodPin;
			sourceTree = "<group>";
		};
		65E210F324D6858C00B73B17 /* Model */ = {
			isa = PBXGroup;
			children = (
				65E210F124D5394B00B73B17 /* RestaurantModel.swift */,
			);
			path = Model;
			sourceTree = "<group>";
		};
		65E210F424D6859900B73B17 /* Controller */ = {
			isa = PBXGroup;
			children = (
				657A835424D307F000AAC704 /* RestaurantTableViewController.swift */,
				65E210F824D6861800B73B17 /* RastaurantDetailViewController.swift */,
			);
			path = Controller;
			sourceTree = "<group>";
		};
		65E210F524D685A500B73B17 /* View */ = {
			isa = PBXGroup;
			children = (
				657A835624D44D7C00AAC704 /* RestaurantTableViewCell.swift */,
			);
			path = View;
			sourceTree = "<group>";
		};
		65EEBB6B24D696A2001419A7 /* Demo */ = {
			isa = PBXGroup;
			children = (
			);
			path = Demo;
			sourceTree = "<group>";
		};
		65EEBB6E24D6A64D001419A7 /* Storyboard */ = {
			isa = PBXGroup;
			children = (
				657A834624D306C500AAC704 /* Main.storyboard */,
				657A834B24D306C900AAC704 /* LaunchScreen.storyboard */,
			);
			path = Storyboard;
			sourceTree = "<group>";
		};
/* End PBXGroup section */

/* Begin PBXNativeTarget section */
		657A833C24D306C500AAC704 /* FoodPin */ = {
			isa = PBXNativeTarget;
			buildConfigurationList = 657A835124D306C900AAC704 /* Build configuration list for PBXNativeTarget "FoodPin" */;
			buildPhases = (
				657A833924D306C500AAC704 /* Sources */,
				657A833A24D306C500AAC704 /* Frameworks */,
				657A833B24D306C500AAC704 /* Resources */,
			);
			buildRules = (
			);
			dependencies = (
			);
			name = FoodPin;
			productName = FoodPin;
			productReference = 657A833D24D306C500AAC704 /* FoodPin.app */;
			productType = "com.apple.product-type.application";
		};
/* End PBXNativeTarget section */

/* Begin PBXProject section */
		657A833524D306C500AAC704 /* Project object */ = {
			isa = PBXProject;
			attributes = {
				LastSwiftUpdateCheck = 1150;
				LastUpgradeCheck = 1150;
				ORGANIZATIONNAME = Andrewwuuw;
				TargetAttributes = {
					657A833C24D306C500AAC704 = {
						CreatedOnToolsVersion = 11.5;
					};
				};
			};
			buildConfigurationList = 657A833824D306C500AAC704 /* Build configuration list for PBXProject "FoodPin" */;
			compatibilityVersion = "Xcode 9.3";
			developmentRegion = en;
			hasScannedForEncodings = 0;
			knownRegions = (
				en,
				Base,
			);
			mainGroup = 657A833424D306C500AAC704;
			productRefGroup = 657A833E24D306C500AAC704 /* Products */;
			projectDirPath = "";
			projectRoot = "";
			targets = (
				657A833C24D306C500AAC704 /* FoodPin */,
			);
		};
/* End PBXProject section */

/* Begin PBXResourcesBuildPhase section */
		657A833B24D306C500AAC704 /* Resources */ = {
			isa = PBXResourcesBuildPhase;
			buildActionMask = 2147483647;
			files = (
				657A834D24D306C900AAC704 /* LaunchScreen.storyboard in Resources */,
				657A834A24D306C900AAC704 /* Assets.xcassets in Resources */,
				657A834824D306C500AAC704 /* Main.storyboard in Resources */,
			);
			runOnlyForDeploymentPostprocessing = 0;
		};
/* End PBXResourcesBuildPhase section */

/* Begin PBXSourcesBuildPhase section */
		657A833924D306C500AAC704 /* Sources */ = {
			isa = PBXSourcesBuildPhase;
			buildActionMask = 2147483647;
			files = (
				657A835724D44D7C00AAC704 /* RestaurantTableViewCell.swift in Sources */,
				657A834124D306C500AAC704 /* AppDelegate.swift in Sources */,
				657A834324D306C500AAC704 /* SceneDelegate.swift in Sources */,
				657A835524D307F000AAC704 /* RestaurantTableViewController.swift in Sources */,
				65E210F924D6861800B73B17 /* RastaurantDetailViewController.swift in Sources */,
				65E210F224D5394B00B73B17 /* RestaurantModel.swift in Sources */,
			);
			runOnlyForDeploymentPostprocessing = 0;
		};
/* End PBXSourcesBuildPhase section */

/* Begin PBXVariantGroup section */
		657A834624D306C500AAC704 /* Main.storyboard */ = {
			isa = PBXVariantGroup;
			children = (
				657A834724D306C500AAC704 /* Base */,
			);
			name = Main.storyboard;
			sourceTree = "<group>";
		};
		657A834B24D306C900AAC704 /* LaunchScreen.storyboard */ = {
			isa = PBXVariantGroup;
			children = (
				657A834C24D306C900AAC704 /* Base */,
			);
			name = LaunchScreen.storyboard;
			sourceTree = "<group>";
		};
/* End PBXVariantGroup section */

/* Begin XCBuildConfiguration section */
		657A834F24D306C900AAC704 /* Debug */ = {
			isa = XCBuildConfiguration;
			buildSettings = {
				ALWAYS_SEARCH_USER_PATHS = NO;
				CLANG_ANALYZER_NONNULL = YES;
				CLANG_ANALYZER_NUMBER_OBJECT_CONVERSION = YES_AGGRESSIVE;
				CLANG_CXX_LANGUAGE_STANDARD = "gnu++14";
				CLANG_CXX_LIBRARY = "libc++";
				CLANG_ENABLE_MODULES = YES;
				CLANG_ENABLE_OBJC_ARC = YES;
				CLANG_ENABLE_OBJC_WEAK = YES;
				CLANG_WARN_BLOCK_CAPTURE_AUTORELEASING = YES;
				CLANG_WARN_BOOL_CONVERSION = YES;
				CLANG_WARN_COMMA = YES;
				CLANG_WARN_CONSTANT_CONVERSION = YES;
				CLANG_WARN_DEPRECATED_OBJC_IMPLEMENTATIONS = YES;
				CLANG_WARN_DIRECT_OBJC_ISA_USAGE = YES_ERROR;
				CLANG_WARN_DOCUMENTATION_COMMENTS = YES;
				CLANG_WARN_EMPTY_BODY = YES;
				CLANG_WARN_ENUM_CONVERSION = YES;
				CLANG_WARN_INFINITE_RECURSION = YES;
				CLANG_WARN_INT_CONVERSION = YES;
				CLANG_WARN_NON_LITERAL_NULL_CONVERSION = YES;
				CLANG_WARN_OBJC_IMPLICIT_RETAIN_SELF = YES;
				CLANG_WARN_OBJC_LITERAL_CONVERSION = YES;
				CLANG_WARN_OBJC_ROOT_CLASS = YES_ERROR;
				CLANG_WARN_RANGE_LOOP_ANALYSIS = YES;
				CLANG_WARN_STRICT_PROTOTYPES = YES;
				CLANG_WARN_SUSPICIOUS_MOVE = YES;
				CLANG_WARN_UNGUARDED_AVAILABILITY = YES_AGGRESSIVE;
				CLANG_WARN_UNREACHABLE_CODE = YES;
				CLANG_WARN__DUPLICATE_METHOD_MATCH = YES;
				COPY_PHASE_STRIP = NO;
				DEBUG_INFORMATION_FORMAT = dwarf;
				ENABLE_STRICT_OBJC_MSGSEND = YES;
				ENABLE_TESTABILITY = YES;
				GCC_C_LANGUAGE_STANDARD = gnu11;
				GCC_DYNAMIC_NO_PIC = NO;
				GCC_NO_COMMON_BLOCKS = YES;
				GCC_OPTIMIZATION_LEVEL = 0;
				GCC_PREPROCESSOR_DEFINITIONS = (
					"DEBUG=1",
					"$(inherited)",
				);
				GCC_WARN_64_TO_32_BIT_CONVERSION = YES;
				GCC_WARN_ABOUT_RETURN_TYPE = YES_ERROR;
				GCC_WARN_UNDECLARED_SELECTOR = YES;
				GCC_WARN_UNINITIALIZED_AUTOS = YES_AGGRESSIVE;
				GCC_WARN_UNUSED_FUNCTION = YES;
				GCC_WARN_UNUSED_VARIABLE = YES;
				IPHONEOS_DEPLOYMENT_TARGET = 13.5;
				MTL_ENABLE_DEBUG_INFO = INCLUDE_SOURCE;
				MTL_FAST_MATH = YES;
				ONLY_ACTIVE_ARCH = YES;
				SDKROOT = iphoneos;
				SWIFT_ACTIVE_COMPILATION_CONDITIONS = DEBUG;
				SWIFT_OPTIMIZATION_LEVEL = "-Onone";
			};
			name = Debug;
		};
		657A835024D306C900AAC704 /* Release */ = {
			isa = XCBuildConfiguration;
			buildSettings = {
				ALWAYS_SEARCH_USER_PATHS = NO;
				CLANG_ANALYZER_NONNULL = YES;
				CLANG_ANALYZER_NUMBER_OBJECT_CONVERSION = YES_AGGRESSIVE;
				CLANG_CXX_LANGUAGE_STANDARD = "gnu++14";
				CLANG_CXX_LIBRARY = "libc++";
				CLANG_ENABLE_MODULES = YES;
				CLANG_ENABLE_OBJC_ARC = YES;
				CLANG_ENABLE_OBJC_WEAK = YES;
				CLANG_WARN_BLOCK_CAPTURE_AUTORELEASING = YES;
				CLANG_WARN_BOOL_CONVERSION = YES;
				CLANG_WARN_COMMA = YES;
				CLANG_WARN_CONSTANT_CONVERSION = YES;
				CLANG_WARN_DEPRECATED_OBJC_IMPLEMENTATIONS = YES;
				CLANG_WARN_DIRECT_OBJC_ISA_USAGE = YES_ERROR;
				CLANG_WARN_DOCUMENTATION_COMMENTS = YES;
				CLANG_WARN_EMPTY_BODY = YES;
				CLANG_WARN_ENUM_CONVERSION = YES;
				CLANG_WARN_INFINITE_RECURSION = YES;
				CLANG_WARN_INT_CONVERSION = YES;
				CLANG_WARN_NON_LITERAL_NULL_CONVERSION = YES;
				CLANG_WARN_OBJC_IMPLICIT_RETAIN_SELF = YES;
				CLANG_WARN_OBJC_LITERAL_CONVERSION = YES;
				CLANG_WARN_OBJC_ROOT_CLASS = YES_ERROR;
				CLANG_WARN_RANGE_LOOP_ANALYSIS = YES;
				CLANG_WARN_STRICT_PROTOTYPES = YES;
				CLANG_WARN_SUSPICIOUS_MOVE = YES;
				CLANG_WARN_UNGUARDED_AVAILABILITY = YES_AGGRESSIVE;
				CLANG_WARN_UNREACHABLE_CODE = YES;
				CLANG_WARN__DUPLICATE_METHOD_MATCH = YES;
				COPY_PHASE_STRIP = NO;
				DEBUG_INFORMATION_FORMAT = "dwarf-with-dsym";
				ENABLE_NS_ASSERTIONS = NO;
				ENABLE_STRICT_OBJC_MSGSEND = YES;
				GCC_C_LANGUAGE_STANDARD = gnu11;
				GCC_NO_COMMON_BLOCKS = YES;
				GCC_WARN_64_TO_32_BIT_CONVERSION = YES;
				GCC_WARN_ABOUT_RETURN_TYPE = YES_ERROR;
				GCC_WARN_UNDECLARED_SELECTOR = YES;
				GCC_WARN_UNINITIALIZED_AUTOS = YES_AGGRESSIVE;
				GCC_WARN_UNUSED_FUNCTION = YES;
				GCC_WARN_UNUSED_VARIABLE = YES;
				IPHONEOS_DEPLOYMENT_TARGET = 13.5;
				MTL_ENABLE_DEBUG_INFO = NO;
				MTL_FAST_MATH = YES;
				SDKROOT = iphoneos;
				SWIFT_COMPILATION_MODE = wholemodule;
				SWIFT_OPTIMIZATION_LEVEL = "-O";
				VALIDATE_PRODUCT = YES;
			};
			name = Release;
		};
		657A835224D306C900AAC704 /* Debug */ = {
			isa = XCBuildConfiguration;
			buildSettings = {
				ASSETCATALOG_COMPILER_APPICON_NAME = AppIcon;
				CODE_SIGN_STYLE = Automatic;
				DEVELOPMENT_TEAM = "";
				INFOPLIST_FILE = FoodPin/Info.plist;
				LD_RUNPATH_SEARCH_PATHS = (
					"$(inherited)",
					"@executable_path/Frameworks",
				);
				PRODUCT_BUNDLE_IDENTIFIER = com.andrewwuuw.FoodPin;
				PRODUCT_NAME = "$(TARGET_NAME)";
				SWIFT_VERSION = 5.0;
				TARGETED_DEVICE_FAMILY = "1,2";
			};
			name = Debug;
		};
		657A835324D306C900AAC704 /* Release */ = {
			isa = XCBuildConfiguration;
			buildSettings = {
				ASSETCATALOG_COMPILER_APPICON_NAME = AppIcon;
				CODE_SIGN_STYLE = Automatic;
				DEVELOPMENT_TEAM = "";
				INFOPLIST_FILE = FoodPin/Info.plist;
				LD_RUNPATH_SEARCH_PATHS = (
					"$(inherited)",
					"@executable_path/Frameworks",
				);
				PRODUCT_BUNDLE_IDENTIFIER = com.andrewwuuw.FoodPin;
				PRODUCT_NAME = "$(TARGET_NAME)";
				SWIFT_VERSION = 5.0;
				TARGETED_DEVICE_FAMILY = "1,2";
			};
			name = Release;
		};
/* End XCBuildConfiguration section */

/* Begin XCConfigurationList section */
		657A833824D306C500AAC704 /* Build configuration list for PBXProject "FoodPin" */ = {
			isa = XCConfigurationList;
			buildConfigurations = (
				657A834F24D306C900AAC704 /* Debug */,
				657A835024D306C900AAC704 /* Release */,
			);
			defaultConfigurationIsVisible = 0;
			defaultConfigurationName = Release;
		};
		657A835124D306C900AAC704 /* Build configuration list for PBXNativeTarget "FoodPin" */ = {
			isa = XCConfigurationList;
			buildConfigurations = (
				657A835224D306C900AAC704 /* Debug */,
				657A835324D306C900AAC704 /* Release */,
			);
			defaultConfigurationIsVisible = 0;
			defaultConfigurationName = Release;
		};
/* End XCConfigurationList section */
	};
	rootObject = 657A833524D306C500AAC704 /* Project object */;
}
